
Microsoft Visual Studio Solution File, Format Version 12.00
# Visual Studio 15
VisualStudioVersion = 15.0.27428.2015
MinimumVisualStudioVersion = 10.0.40219.1
Project("{8BC9CEB8-8B4A-11D0-8D11-00A0C91BC942}") = "projekt PK", "projekt PK\projekt PK.vcxproj", "{5688D356-3A65-482B-BDA5-808D3432FF76}"
EndProject
Global
	GlobalSection(SolutionConfigurationPlatforms) = preSolution
		Debug|x64 = Debug|x64
		Debug|x86 = Debug|x86
		Release|x64 = Release|x64
		Release|x86 = Release|x86
	EndGlobalSection
	GlobalSection(ProjectConfigurationPlatforms) = postSolution
		{5688D356-3A65-482B-BDA5-808D3432FF76}.Debug|x64.ActiveCfg = Debug|x64
		{5688D356-3A65-482B-BDA5-808D3432FF76}.Debug|x64.Build.0 = Debug|x64
		{5688D356-3A65-482B-BDA5-808D3432FF76}.Debug|x86.ActiveCfg = Debug|Win32
		{5688D356-3A65-482B-BDA5-808D3432FF76}.Debug|x86.Build.0 = Debug|Win32
		{5688D356-3A65-482B-BDA5-808D3432FF76}.Release|x64.ActiveCfg = Release|x64
		{5688D356-3A65-482B-BDA5-808D3432FF76}.Release|x64.Build.0 = Release|x64
		{5688D356-3A65-482B-BDA5-808D3432FF76}.Release|x86.ActiveCfg = Release|Win32
		{5688D356-3A65-482B-BDA5-808D3432FF76}.Release|x86.Build.0 = Release|Win32
	EndGlobalSection
	GlobalSection(SolutionProperties) = preSolution
		HideSolutionNode = FALSE
	EndGlobalSection
	GlobalSection(ExtensibilityGlobals) = postSolution
		SolutionGuid = {D509F40C-CAD2-47C5-A83F-1E607C1B1BD7}
	EndGlobalSection
EndGlobal
